// !$*UTF8*$!
{
	archiveVersion = 1;
	classes = {
	};
	objectVersion = 50;
	objects = {

/* Begin PBXBuildFile section */
		A4EFF9B021703EFB00993943 /* AppDelegate.m in Sources */ = {isa = PBXBuildFile; fileRef = A4EFF9AF21703EFB00993943 /* AppDelegate.m */; };
		A4EFF9B321703EFB00993943 /* ViewController.m in Sources */ = {isa = PBXBuildFile; fileRef = A4EFF9B221703EFB00993943 /* ViewController.m */; };
		A4EFF9B621703EFB00993943 /* Main.storyboard in Resources */ = {isa = PBXBuildFile; fileRef = A4EFF9B421703EFB00993943 /* Main.storyboard */; };
		A4EFF9B821703EFD00993943 /* Assets.xcassets in Resources */ = {isa = PBXBuildFile; fileRef = A4EFF9B721703EFD00993943 /* Assets.xcassets */; };
		A4EFF9BB21703EFD00993943 /* LaunchScreen.storyboard in Resources */ = {isa = PBXBuildFile; fileRef = A4EFF9B921703EFD00993943 /* LaunchScreen.storyboard */; };
		A4EFF9BE21703EFD00993943 /* main.m in Sources */ = {isa = PBXBuildFile; fileRef = A4EFF9BD21703EFD00993943 /* main.m */; };
		A4EFF9C621703F1B00993943 /* XYCPerson.m in Sources */ = {isa = PBXBuildFile; fileRef = A4EFF9C521703F1B00993943 /* XYCPerson.m */; };
/* End PBXBuildFile section */

/* Begin PBXFileReference section */
		A4EFF9AB21703EFB00993943 /* KVC异常处理及正确性验证.app */ = {isa = PBXFileReference; explicitFileType = wrapper.application; includeInIndex = 0; path = "KVC异常处理及正确性验证.app"; sourceTree = BUILT_PRODUCTS_DIR; };
		A4EFF9AE21703EFB00993943 /* AppDelegate.h */ = {isa = PBXFileReference; lastKnownFileType = sourcecode.c.h; path = AppDelegate.h; sourceTree = "<group>"; };
		A4EFF9AF21703EFB00993943 /* AppDelegate.m */ = {isa = PBXFileReference; lastKnownFileType = sourcecode.c.objc; path = AppDelegate.m; sourceTree = "<group>"; };
		A4EFF9B121703EFB00993943 /* ViewController.h */ = {isa = PBXFileReference; lastKnownFileType = sourcecode.c.h; path = ViewController.h; sourceTree = "<group>"; };
		A4EFF9B221703EFB00993943 /* ViewController.m */ = {isa = PBXFileReference; lastKnownFileType = sourcecode.c.objc; path = ViewController.m; sourceTree = "<group>"; };
		A4EFF9B521703EFB00993943 /* Base */ = {isa = PBXFileReference; lastKnownFileType = file.storyboard; name = Base; path = Base.lproj/Main.storyboard; sourceTree = "<group>"; };
		A4EFF9B721703EFD00993943 /* Assets.xcassets */ = {isa = PBXFileReference; lastKnownFileType = folder.assetcatalog; path = Assets.xcassets; sourceTree = "<group>"; };
		A4EFF9BA21703EFD00993943 /* Base */ = {isa = PBXFileReference; lastKnownFileType = file.storyboard; name = Base; path = Base.lproj/LaunchScreen.storyboard; sourceTree = "<group>"; };
		A4EFF9BC21703EFD00993943 /* Info.plist */ = {isa = PBXFileReference; lastKnownFileType = text.plist.xml; path = Info.plist; sourceTree = "<group>"; };
		A4EFF9BD21703EFD00993943 /* main.m */ = {isa = PBXFileReference; lastKnownFileType = sourcecode.c.objc; path = main.m; sourceTree = "<group>"; };
		A4EFF9C421703F1B00993943 /* XYCPerson.h */ = {isa = PBXFileReference; lastKnownFileType = sourcecode.c.h; path = XYCPerson.h; sourceTree = "<group>"; };
		A4EFF9C521703F1B00993943 /* XYCPerson.m */ = {isa = PBXFileReference; lastKnownFileType = sourcecode.c.objc; path = XYCPerson.m; sourceTree = "<group>"; };
/* End PBXFileReference section */

/* Begin PBXFrameworksBuildPhase section */
		A4EFF9A821703EFB00993943 /* Frameworks */ = {
			isa = PBXFrameworksBuildPhase;
			buildActionMask = 2147483647;
			files = (
			);
			runOnlyForDeploymentPostprocessing = 0;
		};
/* End PBXFrameworksBuildPhase section */

/* Begin PBXGroup section */
		A4EFF9A221703EFB00993943 = {
			isa = PBXGroup;
			children = (
				A4EFF9AD21703EFB00993943 /* KVC异常处理及正确性验证 */,
				A4EFF9AC21703EFB00993943 /* Products */,
			);
			sourceTree = "<group>";
		};
		A4EFF9AC21703EFB00993943 /* Products */ = {
			isa = PBXGroup;
			children = (
				A4EFF9AB21703EFB00993943 /* KVC异常处理及正确性验证.app */,
			);
			name = Products;
			sourceTree = "<group>";
		};
		A4EFF9AD21703EFB00993943 /* KVC异常处理及正确性验证 */ = {
			isa = PBXGroup;
			children = (
				A4EFF9AE21703EFB00993943 /* AppDelegate.h */,
				A4EFF9AF21703EFB00993943 /* AppDelegate.m */,
				A4EFF9B121703EFB00993943 /* ViewController.h */,
				A4EFF9B221703EFB00993943 /* ViewController.m */,
				A4EFF9C421703F1B00993943 /* XYCPerson.h */,
				A4EFF9C521703F1B00993943 /* XYCPerson.m */,
				A4EFF9B421703EFB00993943 /* Main.storyboard */,
				A4EFF9B721703EFD00993943 /* Assets.xcassets */,
				A4EFF9B921703EFD00993943 /* LaunchScreen.storyboard */,
				A4EFF9BC21703EFD00993943 /* Info.plist */,
				A4EFF9BD21703EFD00993943 /* main.m */,
			);
			path = "KVC异常处理及正确性验证";
			sourceTree = "<group>";
		};
/* End PBXGroup section */

/* Begin PBXNativeTarget section */
		A4EFF9AA21703EFB00993943 /* KVC异常处理及正确性验证 */ = {
			isa = PBXNativeTarget;
			buildConfigurationList = A4EFF9C121703EFD00993943 /* Build configuration list for PBXNativeTarget "KVC异常处理及正确性验证" */;
			buildPhases = (
				A4EFF9A721703EFB00993943 /* Sources */,
				A4EFF9A821703EFB00993943 /* Frameworks */,
				A4EFF9A921703EFB00993943 /* Resources */,
			);
			buildRules = (
			);
			dependencies = (
			);
			name = "KVC异常处理及正确性验证";
			productName = "KVC异常处理及正确性验证";
			productReference = A4EFF9AB21703EFB00993943 /* KVC异常处理及正确性验证.app */;
			productType = "com.apple.product-type.application";
		};
/* End PBXNativeTarget section */

/* Begin PBXProject section */
		A4EFF9A321703EFB00993943 /* Project object */ = {
			isa = PBXProject;
			attributes = {
				LastUpgradeCheck = 0940;
				ORGANIZATIONNAME = "Yuan Le";
				TargetAttributes = {
					A4EFF9AA21703EFB00993943 = {
						CreatedOnToolsVersion = 9.4.1;
					};
				};
			};
			buildConfigurationList = A4EFF9A621703EFB00993943 /* Build configuration list for PBXProject "KVC异常处理及正确性验证" */;
			compatibilityVersion = "Xcode 9.3";
			developmentRegion = en;
			hasScannedForEncodings = 0;
			knownRegions = (
				en,
				Base,
			);
			mainGroup = A4EFF9A221703EFB00993943;
			productRefGroup = A4EFF9AC21703EFB00993943 /* Products */;
			projectDirPath = "";
			projectRoot = "";
			targets = (
				A4EFF9AA21703EFB00993943 /* KVC异常处理及正确性验证 */,
			);
		};
/* End PBXProject section */

/* Begin PBXResourcesBuildPhase section */
		A4EFF9A921703EFB00993943 /* Resources */ = {
			isa = PBXResourcesBuildPhase;
			buildActionMask = 2147483647;
			files = (
				A4EFF9BB21703EFD00993943 /* LaunchScreen.storyboard in Resources */,
				A4EFF9B821703EFD00993943 /* Assets.xcassets in Resources */,
				A4EFF9B621703EFB00993943 /* Main.storyboard in Resources */,
			);
			runOnlyForDeploymentPostprocessing = 0;
		};
/* End PBXResourcesBuildPhase section */

/* Begin PBXSourcesBuildPhase section */
		A4EFF9A721703EFB00993943 /* Sources */ = {
			isa = PBXSourcesBuildPhase;
			buildActionMask = 2147483647;
			files = (
				A4EFF9B321703EFB00993943 /* ViewController.m in Sources */,
				A4EFF9C621703F1B00993943 /* XYCPerson.m in Sources */,
				A4EFF9BE21703EFD00993943 /* main.m in Sources */,
				A4EFF9B021703EFB00993943 /* AppDelegate.m in Sources */,
			);
			runOnlyForDeploymentPostprocessing = 0;
		};
/* End PBXSourcesBuildPhase section */

/* Begin PBXVariantGroup section */
		A4EFF9B421703EFB00993943 /* Main.storyboard */ = {
			isa = PBXVariantGroup;
			children = (
				A4EFF9B521703EFB00993943 /* Base */,
			);
			name = Main.storyboard;
			sourceTree = "<group>";
		};
		A4EFF9B921703EFD00993943 /* LaunchScreen.storyboard */ = {
			isa = PBXVariantGroup;
			children = (
				A4EFF9BA21703EFD00993943 /* Base */,
			);
			name = LaunchScreen.storyboard;
			sourceTree = "<group>";
		};
/* End PBXVariantGroup section */

/* Begin XCBuildConfiguration section */
		A4EFF9BF21703EFD00993943 /* Debug */ = {
			isa = XCBuildConfiguration;
			buildSettings = {
				ALWAYS_SEARCH_USER_PATHS = NO;
				CLANG_ANALYZER_NONNULL = YES;
				CLANG_ANALYZER_NUMBER_OBJECT_CONVERSION = YES_AGGRESSIVE;
				CLANG_CXX_LANGUAGE_STANDARD = "gnu++14";
				CLANG_CXX_LIBRARY = "libc++";
				CLANG_ENABLE_MODULES = YES;
				CLANG_ENABLE_OBJC_ARC = YES;
				CLANG_ENABLE_OBJC_WEAK = YES;
				CLANG_WARN_BLOCK_CAPTURE_AUTORELEASING = YES;
				CLANG_WARN_BOOL_CONVERSION = YES;
				CLANG_WARN_COMMA = YES;
				CLANG_WARN_CONSTANT_CONVERSION = YES;
				CLANG_WARN_DEPRECATED_OBJC_IMPLEMENTATIONS = YES;
				CLANG_WARN_DIRECT_OBJC_ISA_USAGE = YES_ERROR;
				CLANG_WARN_DOCUMENTATION_COMMENTS = YES;
				CLANG_WARN_EMPTY_BODY = YES;
				CLANG_WARN_ENUM_CONVERSION = YES;
				CLANG_WARN_INFINITE_RECURSION = YES;
				CLANG_WARN_INT_CONVERSION = YES;
				CLANG_WARN_NON_LITERAL_NULL_CONVERSION = YES;
				CLANG_WARN_OBJC_IMPLICIT_RETAIN_SELF = YES;
				CLANG_WARN_OBJC_LITERAL_CONVERSION = YES;
				CLANG_WARN_OBJC_ROOT_CLASS = YES_ERROR;
				CLANG_WARN_RANGE_LOOP_ANALYSIS = YES;
				CLANG_WARN_STRICT_PROTOTYPES = YES;
				CLANG_WARN_SUSPICIOUS_MOVE = YES;
				CLANG_WARN_UNGUARDED_AVAILABILITY = YES_AGGRESSIVE;
				CLANG_WARN_UNREACHABLE_CODE = YES;
				CLANG_WARN__DUPLICATE_METHOD_MATCH = YES;
				CODE_SIGN_IDENTITY = "iPhone Developer";
				COPY_PHASE_STRIP = NO;
				DEBUG_INFORMATION_FORMAT = dwarf;
				ENABLE_STRICT_OBJC_MSGSEND = YES;
				ENABLE_TESTABILITY = YES;
				GCC_C_LANGUAGE_STANDARD = gnu11;
				GCC_DYNAMIC_NO_PIC = NO;
				GCC_NO_COMMON_BLOCKS = YES;
				GCC_OPTIMIZATION_LEVEL = 0;
				GCC_PREPROCESSOR_DEFINITIONS = (
					"DEBUG=1",
					"$(inherited)",
				);
				GCC_WARN_64_TO_32_BIT_CONVERSION = YES;
				GCC_WARN_ABOUT_RETURN_TYPE = YES_ERROR;
				GCC_WARN_UNDECLARED_SELECTOR = YES;
				GCC_WARN_UNINITIALIZED_AUTOS = YES_AGGRESSIVE;
				GCC_WARN_UNUSED_FUNCTION = YES;
				GCC_WARN_UNUSED_VARIABLE = YES;
				IPHONEOS_DEPLOYMENT_TARGET = 11.4;
				MTL_ENABLE_DEBUG_INFO = YES;
				ONLY_ACTIVE_ARCH = YES;
				SDKROOT = iphoneos;
			};
			name = Debug;
		};
		A4EFF9C021703EFD00993943 /* Release */ = {
			isa = XCBuildConfiguration;
			buildSettings = {
				ALWAYS_SEARCH_USER_PATHS = NO;
				CLANG_ANALYZER_NONNULL = YES;
				CLANG_ANALYZER_NUMBER_OBJECT_CONVERSION = YES_AGGRESSIVE;
				CLANG_CXX_LANGUAGE_STANDARD = "gnu++14";
				CLANG_CXX_LIBRARY = "libc++";
				CLANG_ENABLE_MODULES = YES;
				CLANG_ENABLE_OBJC_ARC = YES;
				CLANG_ENABLE_OBJC_WEAK = YES;
				CLANG_WARN_BLOCK_CAPTURE_AUTORELEASING = YES;
				CLANG_WARN_BOOL_CONVERSION = YES;
				CLANG_WARN_COMMA = YES;
				CLANG_WARN_CONSTANT_CONVERSION = YES;
				CLANG_WARN_DEPRECATED_OBJC_IMPLEMENTATIONS = YES;
				CLANG_WARN_DIRECT_OBJC_ISA_USAGE = YES_ERROR;
				CLANG_WARN_DOCUMENTATION_COMMENTS = YES;
				CLANG_WARN_EMPTY_BODY = YES;
				CLANG_WARN_ENUM_CONVERSION = YES;
				CLANG_WARN_INFINITE_RECURSION = YES;
				CLANG_WARN_INT_CONVERSION = YES;
				CLANG_WARN_NON_LITERAL_NULL_CONVERSION = YES;
				CLANG_WARN_OBJC_IMPLICIT_RETAIN_SELF = YES;
				CLANG_WARN_OBJC_LITERAL_CONVERSION = YES;
				CLANG_WARN_OBJC_ROOT_CLASS = YES_ERROR;
				CLANG_WARN_RANGE_LOOP_ANALYSIS = YES;
				CLANG_WARN_STRICT_PROTOTYPES = YES;
				CLANG_WARN_SUSPICIOUS_MOVE = YES;
				CLANG_WARN_UNGUARDED_AVAILABILITY = YES_AGGRESSIVE;
				CLANG_WARN_UNREACHABLE_CODE = YES;
				CLANG_WARN__DUPLICATE_METHOD_MATCH = YES;
				CODE_SIGN_IDENTITY = "iPhone Developer";
				COPY_PHASE_STRIP = NO;
				DEBUG_INFORMATION_FORMAT = "dwarf-with-dsym";
				ENABLE_NS_ASSERTIONS = NO;
				ENABLE_STRICT_OBJC_MSGSEND = YES;
				GCC_C_LANGUAGE_STANDARD = gnu11;
				GCC_NO_COMMON_BLOCKS = YES;
				GCC_WARN_64_TO_32_BIT_CONVERSION = YES;
				GCC_WARN_ABOUT_RETURN_TYPE = YES_ERROR;
				GCC_WARN_UNDECLARED_SELECTOR = YES;
				GCC_WARN_UNINITIALIZED_AUTOS = YES_AGGRESSIVE;
				GCC_WARN_UNUSED_FUNCTION = YES;
				GCC_WARN_UNUSED_VARIABLE = YES;
				IPHONEOS_DEPLOYMENT_TARGET = 11.4;
				MTL_ENABLE_DEBUG_INFO = NO;
				SDKROOT = iphoneos;
				VALIDATE_PRODUCT = YES;
			};
			name = Release;
		};
		A4EFF9C221703EFD00993943 /* Debug */ = {
			isa = XCBuildConfiguration;
			buildSettings = {
				ASSETCATALOG_COMPILER_APPICON_NAME = AppIcon;
				CODE_SIGN_STYLE = Automatic;
				DEVELOPMENT_TEAM = A8B3C25CVM;
				INFOPLIST_FILE = "KVC异常处理及正确性验证/Info.plist";
				LD_RUNPATH_SEARCH_PATHS = (
					"$(inherited)",
					"@executable_path/Frameworks",
				);
				PRODUCT_BUNDLE_IDENTIFIER = "com.pinguo.KVC----------";
				PRODUCT_NAME = "$(TARGET_NAME)";
				TARGETED_DEVICE_FAMILY = "1,2";
			};
			name = Debug;
		};
		A4EFF9C321703EFD00993943 /* Release */ = {
			isa = XCBuildConfiguration;
			buildSettings = {
				ASSETCATALOG_COMPILER_APPICON_NAME = AppIcon;
				CODE_SIGN_STYLE = Automatic;
				DEVELOPMENT_TEAM = A8B3C25CVM;
				INFOPLIST_FILE = "KVC异常处理及正确性验证/Info.plist";
				LD_RUNPATH_SEARCH_PATHS = (
					"$(inherited)",
					"@executable_path/Frameworks",
				);
				PRODUCT_BUNDLE_IDENTIFIER = "com.pinguo.KVC----------";
				PRODUCT_NAME = "$(TARGET_NAME)";
				TARGETED_DEVICE_FAMILY = "1,2";
			};
			name = Release;
		};
/* End XCBuildConfiguration section */

/* Begin XCConfigurationList section */
		A4EFF9A621703EFB00993943 /* Build configuration list for PBXProject "KVC异常处理及正确性验证" */ = {
			isa = XCConfigurationList;
			buildConfigurations = (
				A4EFF9BF21703EFD00993943 /* Debug */,
				A4EFF9C021703EFD00993943 /* Release */,
			);
			defaultConfigurationIsVisible = 0;
			defaultConfigurationName = Release;
		};
		A4EFF9C121703EFD00993943 /* Build configuration list for PBXNativeTarget "KVC异常处理及正确性验证" */ = {
			isa = XCConfigurationList;
			buildConfigurations = (
				A4EFF9C221703EFD00993943 /* Debug */,
				A4EFF9C321703EFD00993943 /* Release */,
			);
			defaultConfigurationIsVisible = 0;
			defaultConfigurationName = Release;
		};
/* End XCConfigurationList section */
	};
	rootObject = A4EFF9A321703EFB00993943 /* Project object */;
}
